{
  "name": "simple-yandex-tank-result-ui",
  "lockfileVersion": 2,
  "requires": true,
  "packages": {
    "": {
      "dependencies": {
        "plotly.js-dist": "^2.10.1"
      }
    },
    "node_modules/plotly.js-dist": {
      "version": "2.10.1",
      "resolved": "https://registry.npmjs.org/plotly.js-dist/-/plotly.js-dist-2.10.1.tgz",
      "integrity": "sha512-9xDQHntdeUsg0I7cU1GbnkI0w6AlNcO8dmfIO59RsNZ8bCTs6RJg8mrs6zancoPbYb0kYtqhB1Nquz5iA2WkCQ=="
    }
  },
  "dependencies": {
    "plotly.js-dist": {
      "version": "2.10.1",
      "resolved": "https://registry.npmjs.org/plotly.js-dist/-/plotly.js-dist-2.10.1.tgz",
      "integrity": "sha512-9xDQHntdeUsg0I7cU1GbnkI0w6AlNcO8dmfIO59RsNZ8bCTs6RJg8mrs6zancoPbYb0kYtqhB1Nquz5iA2WkCQ=="
    }
  }
}
